schema: '2.0'
stages:
  data_ingetion:
    cmd: python3 src/data_ingetion.py
    deps:
    - path: src/data_ingetion.py
      hash: md5
      md5: c53ac4cb8d338383b09b18bbf597a33e
      size: 2971
    outs:
    - path: Data/raw
      hash: md5
      md5: 445519db3f59651e71790fd0916b381b.dir
      size: 3706211
      nfiles: 2
  data_preprocessing:
    cmd: python3 src/data_preprocessing.py
    deps:
    - path: Data/raw
      hash: md5
      md5: 445519db3f59651e71790fd0916b381b.dir
      size: 3706211
      nfiles: 2
    - path: src/data_preprocessing.py
      hash: md5
      md5: 8b92469f4ccd0ac25d65bf2804c9379a
      size: 3604
    outs:
    - path: Data/preprocessed
      hash: md5
      md5: ef01a04cbbebb333640eb2ed5316887f.dir
      size: 35778139
      nfiles: 2
  model_training:
    cmd: python3 src/model_training.py
    deps:
    - path: Data/preprocessed
      hash: md5
      md5: ef01a04cbbebb333640eb2ed5316887f.dir
      size: 35778139
      nfiles: 2
    - path: src/model_training.py
      hash: md5
      md5: f0731858885a5e1643b2c4896296aaeb
      size: 5002
    outs:
    - path: Data/models
      hash: md5
      md5: 4774987eb94ee6b854185ef7e69028a6.dir
      size: 53443473
      nfiles: 4
  model_evaluation:
    cmd: python3 src/model_evaluation.py
    deps:
    - path: Data/models
      hash: md5
      md5: 4774987eb94ee6b854185ef7e69028a6.dir
      size: 53443473
      nfiles: 4
    - path: src/model_evaluation.py
      hash: md5
      md5: 32eceb4344b15a47011955f1b47b5ade
      size: 2294
    outs:
    - path: Data/model_performance_metrices.csv
      hash: md5
      md5: 49c2270e354f866ae364a97e75742bbe
      size: 405
