schema: '2.0'
stages:
  data_ingetion:
    cmd: python3 src/data_ingetion.py
    deps:
    - path: src/data_ingetion.py
      hash: md5
      md5: 5f081b34ef9ed29b0cc05ec17e85452b
      size: 2971
    outs:
    - path: Data/raw
      hash: md5
      md5: b2d72f8914496999d9f7fbeafe647d42.dir
      size: 3706211
      nfiles: 2
  data_preprocessing:
    cmd: python3 src/data_preprocessing.py
    deps:
    - path: Data/raw
      hash: md5
      md5: b2d72f8914496999d9f7fbeafe647d42.dir
      size: 3706211
      nfiles: 2
    - path: src/data_preprocessing.py
      hash: md5
      md5: 8b92469f4ccd0ac25d65bf2804c9379a
      size: 3604
    outs:
    - path: Data/preprocessed
      hash: md5
      md5: d76c6c55f207761a8cef06606a59404d.dir
      size: 35764339
      nfiles: 2
  model_training:
    cmd: python3 src/model_training.py
    deps:
    - path: Data/preprocessed
      hash: md5
      md5: d76c6c55f207761a8cef06606a59404d.dir
      size: 35764339
      nfiles: 2
    - path: src/model_training.py
      hash: md5
      md5: b778fa89168476e597b3be7143114499
      size: 5002
    outs:
    - path: Data/models
      hash: md5
      md5: 6edebb7d07eac6164baa2dc5285e31a9.dir
      size: 53243905
      nfiles: 4
  model_evaluation:
    cmd: python3 src/model_evaluation.py
    deps:
    - path: Data/models
      hash: md5
      md5: 6edebb7d07eac6164baa2dc5285e31a9.dir
      size: 53243905
      nfiles: 4
    - path: src/model_evaluation.py
      hash: md5
      md5: 32eceb4344b15a47011955f1b47b5ade
      size: 2294
    outs:
    - path: Data/model_performance_metrices.csv
      hash: md5
      md5: ec780d1d6e4b2780d38e07723ae99d0f
      size: 419
